// !$*UTF8*$!
{
	archiveVersion = 1;
	classes = {
	};
	objectVersion = 46;
	objects = {

/* Begin PBXBuildFile section */
		700997651ED41AC400ECA462 /* main.m in Sources */ = {isa = PBXBuildFile; fileRef = 700997641ED41AC400ECA462 /* main.m */; };
		700997681ED41AC400ECA462 /* AppDelegate.m in Sources */ = {isa = PBXBuildFile; fileRef = 700997671ED41AC400ECA462 /* AppDelegate.m */; };
		700997701ED41AC400ECA462 /* Assets.xcassets in Resources */ = {isa = PBXBuildFile; fileRef = 7009976F1ED41AC400ECA462 /* Assets.xcassets */; };
		700997731ED41AC400ECA462 /* LaunchScreen.storyboard in Resources */ = {isa = PBXBuildFile; fileRef = 700997711ED41AC400ECA462 /* LaunchScreen.storyboard */; };
		7009977E1ED41AC400ECA462 /* AHeadALLTests.m in Sources */ = {isa = PBXBuildFile; fileRef = 7009977D1ED41AC400ECA462 /* AHeadALLTests.m */; };
		700997891ED41AC400ECA462 /* AHeadALLUITests.m in Sources */ = {isa = PBXBuildFile; fileRef = 700997881ED41AC400ECA462 /* AHeadALLUITests.m */; };
		7009979A1ED41AFC00ECA462 /* DemoViewController.m in Sources */ = {isa = PBXBuildFile; fileRef = 700997981ED41AFC00ECA462 /* DemoViewController.m */; };
		7009979B1ED41AFC00ECA462 /* DemoViewController.xib in Resources */ = {isa = PBXBuildFile; fileRef = 700997991ED41AFC00ECA462 /* DemoViewController.xib */; };
		702934761ED45CB700F89AEC /* Security.framework in Frameworks */ = {isa = PBXBuildFile; fileRef = 702934751ED45CB700F89AEC /* Security.framework */; };
		7053169F1EDEE22900D23365 /* IntentHandler.m in Sources */ = {isa = PBXBuildFile; fileRef = 7053169E1EDEE22900D23365 /* IntentHandler.m */; };
		705316A71EDEE22A00D23365 /* IntentsUI.framework in Frameworks */ = {isa = PBXBuildFile; fileRef = 705316A61EDEE22A00D23365 /* IntentsUI.framework */; };
		705316AB1EDEE22A00D23365 /* IntentViewController.m in Sources */ = {isa = PBXBuildFile; fileRef = 705316AA1EDEE22A00D23365 /* IntentViewController.m */; };
		705316AE1EDEE22A00D23365 /* MainInterface.storyboard in Resources */ = {isa = PBXBuildFile; fileRef = 705316AC1EDEE22A00D23365 /* MainInterface.storyboard */; };
		705316B21EDEE22A00D23365 /* TwinDemoSiriUI.appex in Embed App Extensions */ = {isa = PBXBuildFile; fileRef = 705316A51EDEE22900D23365 /* TwinDemoSiriUI.appex */; settings = {ATTRIBUTES = (RemoveHeadersOnCopy, ); }; };
		705316B51EDEE22A00D23365 /* TwinDemoSiri.appex in Embed App Extensions */ = {isa = PBXBuildFile; fileRef = 7053169B1EDEE22900D23365 /* TwinDemoSiri.appex */; settings = {ATTRIBUTES = (RemoveHeadersOnCopy, ); }; };
		873AD1672BF8E1ED4A9DDA24 /* libPods-AHeadALLTests.a in Frameworks */ = {isa = PBXBuildFile; fileRef = 5A24654BFCE61241B3CC6930 /* libPods-AHeadALLTests.a */; };
		D2FCD0832B6DA6DCD2DE5C0B /* libPods-AHeadALL.a in Frameworks */ = {isa = PBXBuildFile; fileRef = EE6292112D8D48BD3998C67E /* libPods-AHeadALL.a */; };
		FC9FBF196719D60847B854D9 /* libPods-AHeadALLUITests.a in Frameworks */ = {isa = PBXBuildFile; fileRef = 196B64797849D6EFF8F4EE8C /* libPods-AHeadALLUITests.a */; };
/* End PBXBuildFile section */

/* Begin PBXContainerItemProxy section */
		7009977A1ED41AC400ECA462 /* PBXContainerItemProxy */ = {
			isa = PBXContainerItemProxy;
			containerPortal = 700997581ED41AC400ECA462 /* Project object */;
			proxyType = 1;
			remoteGlobalIDString = 7009975F1ED41AC400ECA462;
			remoteInfo = AHeadALL;
		};
		700997851ED41AC400ECA462 /* PBXContainerItemProxy */ = {
			isa = PBXContainerItemProxy;
			containerPortal = 700997581ED41AC400ECA462 /* Project object */;
			proxyType = 1;
			remoteGlobalIDString = 7009975F1ED41AC400ECA462;
			remoteInfo = AHeadALL;
		};
		705316B01EDEE22A00D23365 /* PBXContainerItemProxy */ = {
			isa = PBXContainerItemProxy;
			containerPortal = 700997581ED41AC400ECA462 /* Project object */;
			proxyType = 1;
			remoteGlobalIDString = 705316A41EDEE22900D23365;
			remoteInfo = TwinDemoSiriUI;
		};
		705316B31EDEE22A00D23365 /* PBXContainerItemProxy */ = {
			isa = PBXContainerItemProxy;
			containerPortal = 700997581ED41AC400ECA462 /* Project object */;
			proxyType = 1;
			remoteGlobalIDString = 7053169A1EDEE22900D23365;
			remoteInfo = TwinDemoSiri;
		};
/* End PBXContainerItemProxy section */

/* Begin PBXCopyFilesBuildPhase section */
		705316BC1EDEE22A00D23365 /* Embed App Extensions */ = {
			isa = PBXCopyFilesBuildPhase;
			buildActionMask = 2147483647;
			dstPath = "";
			dstSubfolderSpec = 13;
			files = (
				705316B51EDEE22A00D23365 /* TwinDemoSiri.appex in Embed App Extensions */,
				705316B21EDEE22A00D23365 /* TwinDemoSiriUI.appex in Embed App Extensions */,
			);
			name = "Embed App Extensions";
			runOnlyForDeploymentPostprocessing = 0;
		};
/* End PBXCopyFilesBuildPhase section */

/* Begin PBXFileReference section */
		196B64797849D6EFF8F4EE8C /* libPods-AHeadALLUITests.a */ = {isa = PBXFileReference; explicitFileType = archive.ar; includeInIndex = 0; path = "libPods-AHeadALLUITests.a"; sourceTree = BUILT_PRODUCTS_DIR; };
		4173C9F3A1B0B3FE075BCC2F /* Pods-AHeadALL.debug.xcconfig */ = {isa = PBXFileReference; includeInIndex = 1; lastKnownFileType = text.xcconfig; name = "Pods-AHeadALL.debug.xcconfig"; path = "Pods/Target Support Files/Pods-AHeadALL/Pods-AHeadALL.debug.xcconfig"; sourceTree = "<group>"; };
		46D785C15FA115C3ED660969 /* Pods-AHeadALL.release.xcconfig */ = {isa = PBXFileReference; includeInIndex = 1; lastKnownFileType = text.xcconfig; name = "Pods-AHeadALL.release.xcconfig"; path = "Pods/Target Support Files/Pods-AHeadALL/Pods-AHeadALL.release.xcconfig"; sourceTree = "<group>"; };
		5A24654BFCE61241B3CC6930 /* libPods-AHeadALLTests.a */ = {isa = PBXFileReference; explicitFileType = archive.ar; includeInIndex = 0; path = "libPods-AHeadALLTests.a"; sourceTree = BUILT_PRODUCTS_DIR; };
		64C7C466EA73B2F5CA8B07B6 /* Pods-AHeadALLUITests.release.xcconfig */ = {isa = PBXFileReference; includeInIndex = 1; lastKnownFileType = text.xcconfig; name = "Pods-AHeadALLUITests.release.xcconfig"; path = "Pods/Target Support Files/Pods-AHeadALLUITests/Pods-AHeadALLUITests.release.xcconfig"; sourceTree = "<group>"; };
		700997601ED41AC400ECA462 /* AHeadALL.app */ = {isa = PBXFileReference; explicitFileType = wrapper.application; includeInIndex = 0; path = AHeadALL.app; sourceTree = BUILT_PRODUCTS_DIR; };
		700997641ED41AC400ECA462 /* main.m */ = {isa = PBXFileReference; lastKnownFileType = sourcecode.c.objc; path = main.m; sourceTree = "<group>"; };
		700997661ED41AC400ECA462 /* AppDelegate.h */ = {isa = PBXFileReference; lastKnownFileType = sourcecode.c.h; path = AppDelegate.h; sourceTree = "<group>"; };
		700997671ED41AC400ECA462 /* AppDelegate.m */ = {isa = PBXFileReference; lastKnownFileType = sourcecode.c.objc; path = AppDelegate.m; sourceTree = "<group>"; };
		7009976F1ED41AC400ECA462 /* Assets.xcassets */ = {isa = PBXFileReference; lastKnownFileType = folder.assetcatalog; path = Assets.xcassets; sourceTree = "<group>"; };
		700997721ED41AC400ECA462 /* Base */ = {isa = PBXFileReference; lastKnownFileType = file.storyboard; name = Base; path = Base.lproj/LaunchScreen.storyboard; sourceTree = "<group>"; };
		700997741ED41AC400ECA462 /* Info.plist */ = {isa = PBXFileReference; lastKnownFileType = text.plist.xml; path = Info.plist; sourceTree = "<group>"; };
		700997791ED41AC400ECA462 /* AHeadALLTests.xctest */ = {isa = PBXFileReference; explicitFileType = wrapper.cfbundle; includeInIndex = 0; path = AHeadALLTests.xctest; sourceTree = BUILT_PRODUCTS_DIR; };
		7009977D1ED41AC400ECA462 /* AHeadALLTests.m */ = {isa = PBXFileReference; lastKnownFileType = sourcecode.c.objc; path = AHeadALLTests.m; sourceTree = "<group>"; };
		7009977F1ED41AC400ECA462 /* Info.plist */ = {isa = PBXFileReference; lastKnownFileType = text.plist.xml; path = Info.plist; sourceTree = "<group>"; };
		700997841ED41AC400ECA462 /* AHeadALLUITests.xctest */ = {isa = PBXFileReference; explicitFileType = wrapper.cfbundle; includeInIndex = 0; path = AHeadALLUITests.xctest; sourceTree = BUILT_PRODUCTS_DIR; };
		700997881ED41AC400ECA462 /* AHeadALLUITests.m */ = {isa = PBXFileReference; lastKnownFileType = sourcecode.c.objc; path = AHeadALLUITests.m; sourceTree = "<group>"; };
		7009978A1ED41AC400ECA462 /* Info.plist */ = {isa = PBXFileReference; lastKnownFileType = text.plist.xml; path = Info.plist; sourceTree = "<group>"; };
		700997971ED41AFC00ECA462 /* DemoViewController.h */ = {isa = PBXFileReference; fileEncoding = 4; lastKnownFileType = sourcecode.c.h; name = DemoViewController.h; path = DemoViewController/DemoViewController.h; sourceTree = "<group>"; };
		700997981ED41AFC00ECA462 /* DemoViewController.m */ = {isa = PBXFileReference; fileEncoding = 4; lastKnownFileType = sourcecode.c.objc; name = DemoViewController.m; path = DemoViewController/DemoViewController.m; sourceTree = "<group>"; };
		700997991ED41AFC00ECA462 /* DemoViewController.xib */ = {isa = PBXFileReference; fileEncoding = 4; lastKnownFileType = file.xib; name = DemoViewController.xib; path = DemoViewController/DemoViewController.xib; sourceTree = "<group>"; };
		702934711ED45A9500F89AEC /* CocoaAsyncSocket.framework */ = {isa = PBXFileReference; lastKnownFileType = wrapper.framework; name = CocoaAsyncSocket.framework; path = "Pods/../build/Debug-iphoneos/CocoaAsyncSocket/CocoaAsyncSocket.framework"; sourceTree = "<group>"; };
		702934751ED45CB700F89AEC /* Security.framework */ = {isa = PBXFileReference; lastKnownFileType = wrapper.framework; name = Security.framework; path = System/Library/Frameworks/Security.framework; sourceTree = SDKROOT; };
		705316961EDEE08600D23365 /* AHeadALL.entitlements */ = {isa = PBXFileReference; lastKnownFileType = text.plist.entitlements; path = AHeadALL.entitlements; sourceTree = "<group>"; };
		7053169B1EDEE22900D23365 /* TwinDemoSiri.appex */ = {isa = PBXFileReference; explicitFileType = "wrapper.app-extension"; includeInIndex = 0; path = TwinDemoSiri.appex; sourceTree = BUILT_PRODUCTS_DIR; };
		7053169D1EDEE22900D23365 /* IntentHandler.h */ = {isa = PBXFileReference; lastKnownFileType = sourcecode.c.h; path = IntentHandler.h; sourceTree = "<group>"; };
		7053169E1EDEE22900D23365 /* IntentHandler.m */ = {isa = PBXFileReference; lastKnownFileType = sourcecode.c.objc; path = IntentHandler.m; sourceTree = "<group>"; };
		705316A01EDEE22900D23365 /* Info.plist */ = {isa = PBXFileReference; lastKnownFileType = text.plist.xml; path = Info.plist; sourceTree = "<group>"; };
		705316A51EDEE22900D23365 /* TwinDemoSiriUI.appex */ = {isa = PBXFileReference; explicitFileType = "wrapper.app-extension"; includeInIndex = 0; path = TwinDemoSiriUI.appex; sourceTree = BUILT_PRODUCTS_DIR; };
		705316A61EDEE22A00D23365 /* IntentsUI.framework */ = {isa = PBXFileReference; lastKnownFileType = wrapper.framework; name = IntentsUI.framework; path = System/Library/Frameworks/IntentsUI.framework; sourceTree = SDKROOT; };
		705316A91EDEE22A00D23365 /* IntentViewController.h */ = {isa = PBXFileReference; lastKnownFileType = sourcecode.c.h; path = IntentViewController.h; sourceTree = "<group>"; };
		705316AA1EDEE22A00D23365 /* IntentViewController.m */ = {isa = PBXFileReference; lastKnownFileType = sourcecode.c.objc; path = IntentViewController.m; sourceTree = "<group>"; };
		705316AD1EDEE22A00D23365 /* Base */ = {isa = PBXFileReference; lastKnownFileType = file.storyboard; name = Base; path = Base.lproj/MainInterface.storyboard; sourceTree = "<group>"; };
		705316AF1EDEE22A00D23365 /* Info.plist */ = {isa = PBXFileReference; lastKnownFileType = text.plist.xml; path = Info.plist; sourceTree = "<group>"; };
		77EE9B28A3502C5129D1EAE7 /* Pods-AHeadALLTests.release.xcconfig */ = {isa = PBXFileReference; includeInIndex = 1; lastKnownFileType = text.xcconfig; name = "Pods-AHeadALLTests.release.xcconfig"; path = "Pods/Target Support Files/Pods-AHeadALLTests/Pods-AHeadALLTests.release.xcconfig"; sourceTree = "<group>"; };
		BA6B03419F56C277BD55CD1F /* Pods-AHeadALLTests.debug.xcconfig */ = {isa = PBXFileReference; includeInIndex = 1; lastKnownFileType = text.xcconfig; name = "Pods-AHeadALLTests.debug.xcconfig"; path = "Pods/Target Support Files/Pods-AHeadALLTests/Pods-AHeadALLTests.debug.xcconfig"; sourceTree = "<group>"; };
		EE6292112D8D48BD3998C67E /* libPods-AHeadALL.a */ = {isa = PBXFileReference; explicitFileType = archive.ar; includeInIndex = 0; path = "libPods-AHeadALL.a"; sourceTree = BUILT_PRODUCTS_DIR; };
		EFB77AF9C7643E01220D4E21 /* Pods-AHeadALLUITests.debug.xcconfig */ = {isa = PBXFileReference; includeInIndex = 1; lastKnownFileType = text.xcconfig; name = "Pods-AHeadALLUITests.debug.xcconfig"; path = "Pods/Target Support Files/Pods-AHeadALLUITests/Pods-AHeadALLUITests.debug.xcconfig"; sourceTree = "<group>"; };
/* End PBXFileReference section */

/* Begin PBXFrameworksBuildPhase section */
		7009975D1ED41AC400ECA462 /* Frameworks */ = {
			isa = PBXFrameworksBuildPhase;
			buildActionMask = 2147483647;
			files = (
				702934761ED45CB700F89AEC /* Security.framework in Frameworks */,
				D2FCD0832B6DA6DCD2DE5C0B /* libPods-AHeadALL.a in Frameworks */,
			);
			runOnlyForDeploymentPostprocessing = 0;
		};
		700997761ED41AC400ECA462 /* Frameworks */ = {
			isa = PBXFrameworksBuildPhase;
			buildActionMask = 2147483647;
			files = (
				873AD1672BF8E1ED4A9DDA24 /* libPods-AHeadALLTests.a in Frameworks */,
			);
			runOnlyForDeploymentPostprocessing = 0;
		};
		700997811ED41AC400ECA462 /* Frameworks */ = {
			isa = PBXFrameworksBuildPhase;
			buildActionMask = 2147483647;
			files = (
				FC9FBF196719D60847B854D9 /* libPods-AHeadALLUITests.a in Frameworks */,
			);
			runOnlyForDeploymentPostprocessing = 0;
		};
		705316981EDEE22900D23365 /* Frameworks */ = {
			isa = PBXFrameworksBuildPhase;
			buildActionMask = 2147483647;
			files = (
			);
			runOnlyForDeploymentPostprocessing = 0;
		};
		705316A21EDEE22900D23365 /* Frameworks */ = {
			isa = PBXFrameworksBuildPhase;
			buildActionMask = 2147483647;
			files = (
				705316A71EDEE22A00D23365 /* IntentsUI.framework in Frameworks */,
			);
			runOnlyForDeploymentPostprocessing = 0;
		};
/* End PBXFrameworksBuildPhase section */

/* Begin PBXGroup section */
		26B66C6C7E6A43A117E54C05 /* Pods */ = {
			isa = PBXGroup;
			children = (
				4173C9F3A1B0B3FE075BCC2F /* Pods-AHeadALL.debug.xcconfig */,
				46D785C15FA115C3ED660969 /* Pods-AHeadALL.release.xcconfig */,
				BA6B03419F56C277BD55CD1F /* Pods-AHeadALLTests.debug.xcconfig */,
				77EE9B28A3502C5129D1EAE7 /* Pods-AHeadALLTests.release.xcconfig */,
				EFB77AF9C7643E01220D4E21 /* Pods-AHeadALLUITests.debug.xcconfig */,
				64C7C466EA73B2F5CA8B07B6 /* Pods-AHeadALLUITests.release.xcconfig */,
			);
			name = Pods;
			sourceTree = "<group>";
		};
		700997571ED41AC400ECA462 = {
			isa = PBXGroup;
			children = (
				700997621ED41AC400ECA462 /* AHeadALL */,
				7009977C1ED41AC400ECA462 /* AHeadALLTests */,
				700997871ED41AC400ECA462 /* AHeadALLUITests */,
				7053169C1EDEE22900D23365 /* TwinDemoSiri */,
				705316A81EDEE22A00D23365 /* TwinDemoSiriUI */,
				700997611ED41AC400ECA462 /* Products */,
				26B66C6C7E6A43A117E54C05 /* Pods */,
				D83D95E68CDD9F63EE153068 /* Frameworks */,
			);
			sourceTree = "<group>";
		};
		700997611ED41AC400ECA462 /* Products */ = {
			isa = PBXGroup;
			children = (
				700997601ED41AC400ECA462 /* AHeadALL.app */,
				700997791ED41AC400ECA462 /* AHeadALLTests.xctest */,
				700997841ED41AC400ECA462 /* AHeadALLUITests.xctest */,
				7053169B1EDEE22900D23365 /* TwinDemoSiri.appex */,
				705316A51EDEE22900D23365 /* TwinDemoSiriUI.appex */,
			);
			name = Products;
			sourceTree = "<group>";
		};
		700997621ED41AC400ECA462 /* AHeadALL */ = {
			isa = PBXGroup;
			children = (
				705316961EDEE08600D23365 /* AHeadALL.entitlements */,
				700997961ED41AE700ECA462 /* Demo */,
				700997661ED41AC400ECA462 /* AppDelegate.h */,
				700997671ED41AC400ECA462 /* AppDelegate.m */,
				7009976F1ED41AC400ECA462 /* Assets.xcassets */,
				700997711ED41AC400ECA462 /* LaunchScreen.storyboard */,
				700997741ED41AC400ECA462 /* Info.plist */,
				700997631ED41AC400ECA462 /* Supporting Files */,
			);
			path = AHeadALL;
			sourceTree = "<group>";
		};
		700997631ED41AC400ECA462 /* Supporting Files */ = {
			isa = PBXGroup;
			children = (
				700997641ED41AC400ECA462 /* main.m */,
			);
			name = "Supporting Files";
			sourceTree = "<group>";
		};
		7009977C1ED41AC400ECA462 /* AHeadALLTests */ = {
			isa = PBXGroup;
			children = (
				7009977D1ED41AC400ECA462 /* AHeadALLTests.m */,
				7009977F1ED41AC400ECA462 /* Info.plist */,
			);
			path = AHeadALLTests;
			sourceTree = "<group>";
		};
		700997871ED41AC400ECA462 /* AHeadALLUITests */ = {
			isa = PBXGroup;
			children = (
				700997881ED41AC400ECA462 /* AHeadALLUITests.m */,
				7009978A1ED41AC400ECA462 /* Info.plist */,
			);
			path = AHeadALLUITests;
			sourceTree = "<group>";
		};
		700997961ED41AE700ECA462 /* Demo */ = {
			isa = PBXGroup;
			children = (
				700997971ED41AFC00ECA462 /* DemoViewController.h */,
				700997981ED41AFC00ECA462 /* DemoViewController.m */,
				700997991ED41AFC00ECA462 /* DemoViewController.xib */,
			);
			name = Demo;
			sourceTree = "<group>";
		};
		7053169C1EDEE22900D23365 /* TwinDemoSiri */ = {
			isa = PBXGroup;
			children = (
				7053169D1EDEE22900D23365 /* IntentHandler.h */,
				7053169E1EDEE22900D23365 /* IntentHandler.m */,
				705316A01EDEE22900D23365 /* Info.plist */,
			);
			path = TwinDemoSiri;
			sourceTree = "<group>";
		};
		705316A81EDEE22A00D23365 /* TwinDemoSiriUI */ = {
			isa = PBXGroup;
			children = (
				705316A91EDEE22A00D23365 /* IntentViewController.h */,
				705316AA1EDEE22A00D23365 /* IntentViewController.m */,
				705316AC1EDEE22A00D23365 /* MainInterface.storyboard */,
				705316AF1EDEE22A00D23365 /* Info.plist */,
			);
			path = TwinDemoSiriUI;
			sourceTree = "<group>";
		};
		D83D95E68CDD9F63EE153068 /* Frameworks */ = {
			isa = PBXGroup;
			children = (
				702934751ED45CB700F89AEC /* Security.framework */,
				702934711ED45A9500F89AEC /* CocoaAsyncSocket.framework */,
				EE6292112D8D48BD3998C67E /* libPods-AHeadALL.a */,
				5A24654BFCE61241B3CC6930 /* libPods-AHeadALLTests.a */,
				196B64797849D6EFF8F4EE8C /* libPods-AHeadALLUITests.a */,
				705316A61EDEE22A00D23365 /* IntentsUI.framework */,
			);
			name = Frameworks;
			sourceTree = "<group>";
		};
/* End PBXGroup section */

/* Begin PBXNativeTarget section */
		7009975F1ED41AC400ECA462 /* AHeadALL */ = {
			isa = PBXNativeTarget;
			buildConfigurationList = 7009978D1ED41AC400ECA462 /* Build configuration list for PBXNativeTarget "AHeadALL" */;
			buildPhases = (
				79A673321294DD84B9A7818F /* [CP] Check Pods Manifest.lock */,
				7009975C1ED41AC400ECA462 /* Sources */,
				7009975D1ED41AC400ECA462 /* Frameworks */,
				7009975E1ED41AC400ECA462 /* Resources */,
				9892B17FD5735704B65722F7 /* [CP] Embed Pods Frameworks */,
				5BDFE86AD5AE39A05D096A0E /* [CP] Copy Pods Resources */,
				705316BC1EDEE22A00D23365 /* Embed App Extensions */,
			);
			buildRules = (
			);
			dependencies = (
				705316B11EDEE22A00D23365 /* PBXTargetDependency */,
				705316B41EDEE22A00D23365 /* PBXTargetDependency */,
			);
			name = AHeadALL;
			productName = AHeadALL;
			productReference = 700997601ED41AC400ECA462 /* AHeadALL.app */;
			productType = "com.apple.product-type.application";
		};
		700997781ED41AC400ECA462 /* AHeadALLTests */ = {
			isa = PBXNativeTarget;
			buildConfigurationList = 700997901ED41AC400ECA462 /* Build configuration list for PBXNativeTarget "AHeadALLTests" */;
			buildPhases = (
				230364BD1A98619DB90BF2A6 /* [CP] Check Pods Manifest.lock */,
				700997751ED41AC400ECA462 /* Sources */,
				700997761ED41AC400ECA462 /* Frameworks */,
				700997771ED41AC400ECA462 /* Resources */,
				71376A9DF5114448E3135EBF /* [CP] Embed Pods Frameworks */,
				59B0E26973AD3ADA260A3BDA /* [CP] Copy Pods Resources */,
			);
			buildRules = (
			);
			dependencies = (
				7009977B1ED41AC400ECA462 /* PBXTargetDependency */,
			);
			name = AHeadALLTests;
			productName = AHeadALLTests;
			productReference = 700997791ED41AC400ECA462 /* AHeadALLTests.xctest */;
			productType = "com.apple.product-type.bundle.unit-test";
		};
		700997831ED41AC400ECA462 /* AHeadALLUITests */ = {
			isa = PBXNativeTarget;
			buildConfigurationList = 700997931ED41AC400ECA462 /* Build configuration list for PBXNativeTarget "AHeadALLUITests" */;
			buildPhases = (
				BD52C8A28918AF79DDFA9BA3 /* [CP] Check Pods Manifest.lock */,
				700997801ED41AC400ECA462 /* Sources */,
				700997811ED41AC400ECA462 /* Frameworks */,
				700997821ED41AC400ECA462 /* Resources */,
				C0E7F13AADB90A9DB9A2F940 /* [CP] Embed Pods Frameworks */,
				59B2D16DEDB1B0ADF0DA29EB /* [CP] Copy Pods Resources */,
			);
			buildRules = (
			);
			dependencies = (
				700997861ED41AC400ECA462 /* PBXTargetDependency */,
			);
			name = AHeadALLUITests;
			productName = AHeadALLUITests;
			productReference = 700997841ED41AC400ECA462 /* AHeadALLUITests.xctest */;
			productType = "com.apple.product-type.bundle.ui-testing";
		};
		7053169A1EDEE22900D23365 /* TwinDemoSiri */ = {
			isa = PBXNativeTarget;
			buildConfigurationList = 705316B91EDEE22A00D23365 /* Build configuration list for PBXNativeTarget "TwinDemoSiri" */;
			buildPhases = (
				705316971EDEE22900D23365 /* Sources */,
				705316981EDEE22900D23365 /* Frameworks */,
				705316991EDEE22900D23365 /* Resources */,
			);
			buildRules = (
			);
			dependencies = (
			);
			name = TwinDemoSiri;
			productName = TwinDemoSiri;
			productReference = 7053169B1EDEE22900D23365 /* TwinDemoSiri.appex */;
			productType = "com.apple.product-type.app-extension";
		};
		705316A41EDEE22900D23365 /* TwinDemoSiriUI */ = {
			isa = PBXNativeTarget;
			buildConfigurationList = 705316B61EDEE22A00D23365 /* Build configuration list for PBXNativeTarget "TwinDemoSiriUI" */;
			buildPhases = (
				705316A11EDEE22900D23365 /* Sources */,
				705316A21EDEE22900D23365 /* Frameworks */,
				705316A31EDEE22900D23365 /* Resources */,
			);
			buildRules = (
			);
			dependencies = (
			);
			name = TwinDemoSiriUI;
			productName = TwinDemoSiriUI;
			productReference = 705316A51EDEE22900D23365 /* TwinDemoSiriUI.appex */;
			productType = "com.apple.product-type.app-extension";
		};
/* End PBXNativeTarget section */

/* Begin PBXProject section */
		700997581ED41AC400ECA462 /* Project object */ = {
			isa = PBXProject;
			attributes = {
				LastUpgradeCheck = 0830;
				ORGANIZATIONNAME = SkullTree;
				TargetAttributes = {
					7009975F1ED41AC400ECA462 = {
						CreatedOnToolsVersion = 8.3.2;
						DevelopmentTeam = 57RNBV4CEC;
						ProvisioningStyle = Automatic;
						SystemCapabilities = {
							com.apple.Siri = {
								enabled = 1;
							};
						};
					};
					700997781ED41AC400ECA462 = {
						CreatedOnToolsVersion = 8.3.2;
						ProvisioningStyle = Automatic;
						TestTargetID = 7009975F1ED41AC400ECA462;
					};
					700997831ED41AC400ECA462 = {
						CreatedOnToolsVersion = 8.3.2;
						ProvisioningStyle = Automatic;
						TestTargetID = 7009975F1ED41AC400ECA462;
					};
					7053169A1EDEE22900D23365 = {
						CreatedOnToolsVersion = 8.3.2;
						DevelopmentTeam = 57RNBV4CEC;
						ProvisioningStyle = Automatic;
					};
					705316A41EDEE22900D23365 = {
						CreatedOnToolsVersion = 8.3.2;
						DevelopmentTeam = 57RNBV4CEC;
						ProvisioningStyle = Automatic;
					};
				};
			};
			buildConfigurationList = 7009975B1ED41AC400ECA462 /* Build configuration list for PBXProject "AHeadALL" */;
			compatibilityVersion = "Xcode 3.2";
			developmentRegion = English;
			hasScannedForEncodings = 0;
			knownRegions = (
				en,
				Base,
			);
			mainGroup = 700997571ED41AC400ECA462;
			productRefGroup = 700997611ED41AC400ECA462 /* Products */;
			projectDirPath = "";
			projectRoot = "";
			targets = (
				7009975F1ED41AC400ECA462 /* AHeadALL */,
				700997781ED41AC400ECA462 /* AHeadALLTests */,
				700997831ED41AC400ECA462 /* AHeadALLUITests */,
				7053169A1EDEE22900D23365 /* TwinDemoSiri */,
				705316A41EDEE22900D23365 /* TwinDemoSiriUI */,
			);
		};
/* End PBXProject section */

/* Begin PBXResourcesBuildPhase section */
		7009975E1ED41AC400ECA462 /* Resources */ = {
			isa = PBXResourcesBuildPhase;
			buildActionMask = 2147483647;
			files = (
				700997731ED41AC400ECA462 /* LaunchScreen.storyboard in Resources */,
				7009979B1ED41AFC00ECA462 /* DemoViewController.xib in Resources */,
				700997701ED41AC400ECA462 /* Assets.xcassets in Resources */,
			);
			runOnlyForDeploymentPostprocessing = 0;
		};
		700997771ED41AC400ECA462 /* Resources */ = {
			isa = PBXResourcesBuildPhase;
			buildActionMask = 2147483647;
			files = (
			);
			runOnlyForDeploymentPostprocessing = 0;
		};
		700997821ED41AC400ECA462 /* Resources */ = {
			isa = PBXResourcesBuildPhase;
			buildActionMask = 2147483647;
			files = (
			);
			runOnlyForDeploymentPostprocessing = 0;
		};
		705316991EDEE22900D23365 /* Resources */ = {
			isa = PBXResourcesBuildPhase;
			buildActionMask = 2147483647;
			files = (
			);
			runOnlyForDeploymentPostprocessing = 0;
		};
		705316A31EDEE22900D23365 /* Resources */ = {
			isa = PBXResourcesBuildPhase;
			buildActionMask = 2147483647;
			files = (
				705316AE1EDEE22A00D23365 /* MainInterface.storyboard in Resources */,
			);
			runOnlyForDeploymentPostprocessing = 0;
		};
/* End PBXResourcesBuildPhase section */

/* Begin PBXShellScriptBuildPhase section */
		230364BD1A98619DB90BF2A6 /* [CP] Check Pods Manifest.lock */ = {
			isa = PBXShellScriptBuildPhase;
			buildActionMask = 2147483647;
			files = (
			);
			inputPaths = (
			);
			name = "[CP] Check Pods Manifest.lock";
			outputPaths = (
			);
			runOnlyForDeploymentPostprocessing = 0;
			shellPath = /bin/sh;
			shellScript = "diff \"${PODS_ROOT}/../Podfile.lock\" \"${PODS_ROOT}/Manifest.lock\" > /dev/null\nif [ $? != 0 ] ; then\n    # print error to STDERR\n    echo \"error: The sandbox is not in sync with the Podfile.lock. Run 'pod install' or update your CocoaPods installation.\" >&2\n    exit 1\nfi\n";
			showEnvVarsInLog = 0;
		};
		59B0E26973AD3ADA260A3BDA /* [CP] Copy Pods Resources */ = {
			isa = PBXShellScriptBuildPhase;
			buildActionMask = 2147483647;
			files = (
			);
			inputPaths = (
			);
			name = "[CP] Copy Pods Resources";
			outputPaths = (
			);
			runOnlyForDeploymentPostprocessing = 0;
			shellPath = /bin/sh;
			shellScript = "\"${SRCROOT}/Pods/Target Support Files/Pods-AHeadALLTests/Pods-AHeadALLTests-resources.sh\"\n";
			showEnvVarsInLog = 0;
		};
		59B2D16DEDB1B0ADF0DA29EB /* [CP] Copy Pods Resources */ = {
			isa = PBXShellScriptBuildPhase;
			buildActionMask = 2147483647;
			files = (
			);
			inputPaths = (
			);
			name = "[CP] Copy Pods Resources";
			outputPaths = (
			);
			runOnlyForDeploymentPostprocessing = 0;
			shellPath = /bin/sh;
			shellScript = "\"${SRCROOT}/Pods/Target Support Files/Pods-AHeadALLUITests/Pods-AHeadALLUITests-resources.sh\"\n";
			showEnvVarsInLog = 0;
		};
		5BDFE86AD5AE39A05D096A0E /* [CP] Copy Pods Resources */ = {
			isa = PBXShellScriptBuildPhase;
			buildActionMask = 2147483647;
			files = (
			);
			inputPaths = (
			);
			name = "[CP] Copy Pods Resources";
			outputPaths = (
			);
			runOnlyForDeploymentPostprocessing = 0;
			shellPath = /bin/sh;
			shellScript = "\"${SRCROOT}/Pods/Target Support Files/Pods-AHeadALL/Pods-AHeadALL-resources.sh\"\n";
			showEnvVarsInLog = 0;
		};
		71376A9DF5114448E3135EBF /* [CP] Embed Pods Frameworks */ = {
			isa = PBXShellScriptBuildPhase;
			buildActionMask = 2147483647;
			files = (
			);
			inputPaths = (
			);
			name = "[CP] Embed Pods Frameworks";
			outputPaths = (
			);
			runOnlyForDeploymentPostprocessing = 0;
			shellPath = /bin/sh;
			shellScript = "\"${SRCROOT}/Pods/Target Support Files/Pods-AHeadALLTests/Pods-AHeadALLTests-frameworks.sh\"\n";
			showEnvVarsInLog = 0;
		};
		79A673321294DD84B9A7818F /* [CP] Check Pods Manifest.lock */ = {
			isa = PBXShellScriptBuildPhase;
			buildActionMask = 2147483647;
			files = (
			);
			inputPaths = (
			);
			name = "[CP] Check Pods Manifest.lock";
			outputPaths = (
			);
			runOnlyForDeploymentPostprocessing = 0;
			shellPath = /bin/sh;
			shellScript = "diff \"${PODS_ROOT}/../Podfile.lock\" \"${PODS_ROOT}/Manifest.lock\" > /dev/null\nif [ $? != 0 ] ; then\n    # print error to STDERR\n    echo \"error: The sandbox is not in sync with the Podfile.lock. Run 'pod install' or update your CocoaPods installation.\" >&2\n    exit 1\nfi\n";
			showEnvVarsInLog = 0;
		};
		9892B17FD5735704B65722F7 /* [CP] Embed Pods Frameworks */ = {
			isa = PBXShellScriptBuildPhase;
			buildActionMask = 2147483647;
			files = (
			);
			inputPaths = (
			);
			name = "[CP] Embed Pods Frameworks";
			outputPaths = (
			);
			runOnlyForDeploymentPostprocessing = 0;
			shellPath = /bin/sh;
			shellScript = "\"${SRCROOT}/Pods/Target Support Files/Pods-AHeadALL/Pods-AHeadALL-frameworks.sh\"\n";
			showEnvVarsInLog = 0;
		};
		BD52C8A28918AF79DDFA9BA3 /* [CP] Check Pods Manifest.lock */ = {
			isa = PBXShellScriptBuildPhase;
			buildActionMask = 2147483647;
			files = (
			);
			inputPaths = (
			);
			name = "[CP] Check Pods Manifest.lock";
			outputPaths = (
			);
			runOnlyForDeploymentPostprocessing = 0;
			shellPath = /bin/sh;
			shellScript = "diff \"${PODS_ROOT}/../Podfile.lock\" \"${PODS_ROOT}/Manifest.lock\" > /dev/null\nif [ $? != 0 ] ; then\n    # print error to STDERR\n    echo \"error: The sandbox is not in sync with the Podfile.lock. Run 'pod install' or update your CocoaPods installation.\" >&2\n    exit 1\nfi\n";
			showEnvVarsInLog = 0;
		};
		C0E7F13AADB90A9DB9A2F940 /* [CP] Embed Pods Frameworks */ = {
			isa = PBXShellScriptBuildPhase;
			buildActionMask = 2147483647;
			files = (
			);
			inputPaths = (
			);
			name = "[CP] Embed Pods Frameworks";
			outputPaths = (
			);
			runOnlyForDeploymentPostprocessing = 0;
			shellPath = /bin/sh;
			shellScript = "\"${SRCROOT}/Pods/Target Support Files/Pods-AHeadALLUITests/Pods-AHeadALLUITests-frameworks.sh\"\n";
			showEnvVarsInLog = 0;
		};
/* End PBXShellScriptBuildPhase section */

/* Begin PBXSourcesBuildPhase section */
		7009975C1ED41AC400ECA462 /* Sources */ = {
			isa = PBXSourcesBuildPhase;
			buildActionMask = 2147483647;
			files = (
				7009979A1ED41AFC00ECA462 /* DemoViewController.m in Sources */,
				700997681ED41AC400ECA462 /* AppDelegate.m in Sources */,
				700997651ED41AC400ECA462 /* main.m in Sources */,
			);
			runOnlyForDeploymentPostprocessing = 0;
		};
		700997751ED41AC400ECA462 /* Sources */ = {
			isa = PBXSourcesBuildPhase;
			buildActionMask = 2147483647;
			files = (
				7009977E1ED41AC400ECA462 /* AHeadALLTests.m in Sources */,
			);
			runOnlyForDeploymentPostprocessing = 0;
		};
		700997801ED41AC400ECA462 /* Sources */ = {
			isa = PBXSourcesBuildPhase;
			buildActionMask = 2147483647;
			files = (
				700997891ED41AC400ECA462 /* AHeadALLUITests.m in Sources */,
			);
			runOnlyForDeploymentPostprocessing = 0;
		};
		705316971EDEE22900D23365 /* Sources */ = {
			isa = PBXSourcesBuildPhase;
			buildActionMask = 2147483647;
			files = (
				7053169F1EDEE22900D23365 /* IntentHandler.m in Sources */,
			);
			runOnlyForDeploymentPostprocessing = 0;
		};
		705316A11EDEE22900D23365 /* Sources */ = {
			isa = PBXSourcesBuildPhase;
			buildActionMask = 2147483647;
			files = (
				705316AB1EDEE22A00D23365 /* IntentViewController.m in Sources */,
			);
			runOnlyForDeploymentPostprocessing = 0;
		};
/* End PBXSourcesBuildPhase section */

/* Begin PBXTargetDependency section */
		7009977B1ED41AC400ECA462 /* PBXTargetDependency */ = {
			isa = PBXTargetDependency;
			target = 7009975F1ED41AC400ECA462 /* AHeadALL */;
			targetProxy = 7009977A1ED41AC400ECA462 /* PBXContainerItemProxy */;
		};
		700997861ED41AC400ECA462 /* PBXTargetDependency */ = {
			isa = PBXTargetDependency;
			target = 7009975F1ED41AC400ECA462 /* AHeadALL */;
			targetProxy = 700997851ED41AC400ECA462 /* PBXContainerItemProxy */;
		};
		705316B11EDEE22A00D23365 /* PBXTargetDependency */ = {
			isa = PBXTargetDependency;
			target = 705316A41EDEE22900D23365 /* TwinDemoSiriUI */;
			targetProxy = 705316B01EDEE22A00D23365 /* PBXContainerItemProxy */;
		};
		705316B41EDEE22A00D23365 /* PBXTargetDependency */ = {
			isa = PBXTargetDependency;
			target = 7053169A1EDEE22900D23365 /* TwinDemoSiri */;
			targetProxy = 705316B31EDEE22A00D23365 /* PBXContainerItemProxy */;
		};
/* End PBXTargetDependency section */

/* Begin PBXVariantGroup section */
		700997711ED41AC400ECA462 /* LaunchScreen.storyboard */ = {
			isa = PBXVariantGroup;
			children = (
				700997721ED41AC400ECA462 /* Base */,
			);
			name = LaunchScreen.storyboard;
			sourceTree = "<group>";
		};
		705316AC1EDEE22A00D23365 /* MainInterface.storyboard */ = {
			isa = PBXVariantGroup;
			children = (
				705316AD1EDEE22A00D23365 /* Base */,
			);
			name = MainInterface.storyboard;
			sourceTree = "<group>";
		};
/* End PBXVariantGroup section */

/* Begin XCBuildConfiguration section */
		7009978B1ED41AC400ECA462 /* Debug */ = {
			isa = XCBuildConfiguration;
			buildSettings = {
				ALWAYS_SEARCH_USER_PATHS = NO;
				CLANG_ANALYZER_NONNULL = YES;
				CLANG_ANALYZER_NUMBER_OBJECT_CONVERSION = YES_AGGRESSIVE;
				CLANG_CXX_LANGUAGE_STANDARD = "gnu++0x";
				CLANG_CXX_LIBRARY = "libc++";
				CLANG_ENABLE_MODULES = YES;
				CLANG_ENABLE_OBJC_ARC = YES;
				CLANG_WARN_BOOL_CONVERSION = YES;
				CLANG_WARN_CONSTANT_CONVERSION = YES;
				CLANG_WARN_DIRECT_OBJC_ISA_USAGE = YES_ERROR;
				CLANG_WARN_DOCUMENTATION_COMMENTS = YES;
				CLANG_WARN_EMPTY_BODY = YES;
				CLANG_WARN_ENUM_CONVERSION = YES;
				CLANG_WARN_INFINITE_RECURSION = YES;
				CLANG_WARN_INT_CONVERSION = YES;
				CLANG_WARN_OBJC_ROOT_CLASS = YES_ERROR;
				CLANG_WARN_SUSPICIOUS_MOVE = YES;
				CLANG_WARN_UNREACHABLE_CODE = YES;
				CLANG_WARN__DUPLICATE_METHOD_MATCH = YES;
				"CODE_SIGN_IDENTITY[sdk=iphoneos*]" = "iPhone Developer";
				COPY_PHASE_STRIP = NO;
				DEBUG_INFORMATION_FORMAT = dwarf;
				ENABLE_STRICT_OBJC_MSGSEND = YES;
				ENABLE_TESTABILITY = YES;
				GCC_C_LANGUAGE_STANDARD = gnu99;
				GCC_DYNAMIC_NO_PIC = NO;
				GCC_NO_COMMON_BLOCKS = YES;
				GCC_OPTIMIZATION_LEVEL = 0;
				GCC_PREPROCESSOR_DEFINITIONS = (
					"DEBUG=1",
					"$(inherited)",
				);
				GCC_WARN_64_TO_32_BIT_CONVERSION = YES;
				GCC_WARN_ABOUT_RETURN_TYPE = YES_ERROR;
				GCC_WARN_UNDECLARED_SELECTOR = YES;
				GCC_WARN_UNINITIALIZED_AUTOS = YES_AGGRESSIVE;
				GCC_WARN_UNUSED_FUNCTION = YES;
				GCC_WARN_UNUSED_VARIABLE = YES;
				IPHONEOS_DEPLOYMENT_TARGET = 10.3;
				MTL_ENABLE_DEBUG_INFO = YES;
				ONLY_ACTIVE_ARCH = YES;
				SDKROOT = iphoneos;
				TARGETED_DEVICE_FAMILY = "1,2";
			};
			name = Debug;
		};
		7009978C1ED41AC400ECA462 /* Release */ = {
			isa = XCBuildConfiguration;
			buildSettings = {
				ALWAYS_SEARCH_USER_PATHS = NO;
				CLANG_ANALYZER_NONNULL = YES;
				CLANG_ANALYZER_NUMBER_OBJECT_CONVERSION = YES_AGGRESSIVE;
				CLANG_CXX_LANGUAGE_STANDARD = "gnu++0x";
				CLANG_CXX_LIBRARY = "libc++";
				CLANG_ENABLE_MODULES = YES;
				CLANG_ENABLE_OBJC_ARC = YES;
				CLANG_WARN_BOOL_CONVERSION = YES;
				CLANG_WARN_CONSTANT_CONVERSION = YES;
				CLANG_WARN_DIRECT_OBJC_ISA_USAGE = YES_ERROR;
				CLANG_WARN_DOCUMENTATION_COMMENTS = YES;
				CLANG_WARN_EMPTY_BODY = YES;
				CLANG_WARN_ENUM_CONVERSION = YES;
				CLANG_WARN_INFINITE_RECURSION = YES;
				CLANG_WARN_INT_CONVERSION = YES;
				CLANG_WARN_OBJC_ROOT_CLASS = YES_ERROR;
				CLANG_WARN_SUSPICIOUS_MOVE = YES;
				CLANG_WARN_UNREACHABLE_CODE = YES;
				CLANG_WARN__DUPLICATE_METHOD_MATCH = YES;
				"CODE_SIGN_IDENTITY[sdk=iphoneos*]" = "iPhone Developer";
				COPY_PHASE_STRIP = NO;
				DEBUG_INFORMATION_FORMAT = "dwarf-with-dsym";
				ENABLE_NS_ASSERTIONS = NO;
				ENABLE_STRICT_OBJC_MSGSEND = YES;
				GCC_C_LANGUAGE_STANDARD = gnu99;
				GCC_NO_COMMON_BLOCKS = YES;
				GCC_WARN_64_TO_32_BIT_CONVERSION = YES;
				GCC_WARN_ABOUT_RETURN_TYPE = YES_ERROR;
				GCC_WARN_UNDECLARED_SELECTOR = YES;
				GCC_WARN_UNINITIALIZED_AUTOS = YES_AGGRESSIVE;
				GCC_WARN_UNUSED_FUNCTION = YES;
				GCC_WARN_UNUSED_VARIABLE = YES;
				IPHONEOS_DEPLOYMENT_TARGET = 10.3;
				MTL_ENABLE_DEBUG_INFO = NO;
				SDKROOT = iphoneos;
				TARGETED_DEVICE_FAMILY = "1,2";
				VALIDATE_PRODUCT = YES;
			};
			name = Release;
		};
		7009978E1ED41AC400ECA462 /* Debug */ = {
			isa = XCBuildConfiguration;
			baseConfigurationReference = 4173C9F3A1B0B3FE075BCC2F /* Pods-AHeadALL.debug.xcconfig */;
			buildSettings = {
				ASSETCATALOG_COMPILER_APPICON_NAME = AppIcon;
				CODE_SIGN_ENTITLEMENTS = AHeadALL/AHeadALL.entitlements;
				DEVELOPMENT_TEAM = 57RNBV4CEC;
				FRAMEWORK_SEARCH_PATHS = (
					"$(inherited)",
					"$(PROJECT_DIR)/build/Debug-iphoneos/CocoaAsyncSocket",
				);
				INFOPLIST_FILE = AHeadALL/Info.plist;
				IPHONEOS_DEPLOYMENT_TARGET = 10.0;
				LD_RUNPATH_SEARCH_PATHS = "$(inherited) @executable_path/Frameworks";
				PRODUCT_BUNDLE_IDENTIFIER = com.twinsynergy.TwinDemo;
				PRODUCT_NAME = "$(TARGET_NAME)";
				TARGETED_DEVICE_FAMILY = 1;
			};
			name = Debug;
		};
		7009978F1ED41AC400ECA462 /* Release */ = {
			isa = XCBuildConfiguration;
			baseConfigurationReference = 46D785C15FA115C3ED660969 /* Pods-AHeadALL.release.xcconfig */;
			buildSettings = {
				ASSETCATALOG_COMPILER_APPICON_NAME = AppIcon;
				CODE_SIGN_ENTITLEMENTS = AHeadALL/AHeadALL.entitlements;
				DEVELOPMENT_TEAM = 57RNBV4CEC;
				FRAMEWORK_SEARCH_PATHS = (
					"$(inherited)",
					"$(PROJECT_DIR)/build/Debug-iphoneos/CocoaAsyncSocket",
				);
				INFOPLIST_FILE = AHeadALL/Info.plist;
				IPHONEOS_DEPLOYMENT_TARGET = 10.0;
				LD_RUNPATH_SEARCH_PATHS = "$(inherited) @executable_path/Frameworks";
				PRODUCT_BUNDLE_IDENTIFIER = com.twinsynergy.TwinDemo;
				PRODUCT_NAME = "$(TARGET_NAME)";
				TARGETED_DEVICE_FAMILY = 1;
			};
			name = Release;
		};
		700997911ED41AC400ECA462 /* Debug */ = {
			isa = XCBuildConfiguration;
			baseConfigurationReference = BA6B03419F56C277BD55CD1F /* Pods-AHeadALLTests.debug.xcconfig */;
			buildSettings = {
				BUNDLE_LOADER = "$(TEST_HOST)";
				INFOPLIST_FILE = AHeadALLTests/Info.plist;
				LD_RUNPATH_SEARCH_PATHS = "$(inherited) @executable_path/Frameworks @loader_path/Frameworks";
				PRODUCT_BUNDLE_IDENTIFIER = com.kickdudes.AHeadALLTests;
				PRODUCT_NAME = "$(TARGET_NAME)";
				TEST_HOST = "$(BUILT_PRODUCTS_DIR)/AHeadALL.app/AHeadALL";
			};
			name = Debug;
		};
		700997921ED41AC400ECA462 /* Release */ = {
			isa = XCBuildConfiguration;
			baseConfigurationReference = 77EE9B28A3502C5129D1EAE7 /* Pods-AHeadALLTests.release.xcconfig */;
			buildSettings = {
				BUNDLE_LOADER = "$(TEST_HOST)";
				INFOPLIST_FILE = AHeadALLTests/Info.plist;
				LD_RUNPATH_SEARCH_PATHS = "$(inherited) @executable_path/Frameworks @loader_path/Frameworks";
				PRODUCT_BUNDLE_IDENTIFIER = com.kickdudes.AHeadALLTests;
				PRODUCT_NAME = "$(TARGET_NAME)";
				TEST_HOST = "$(BUILT_PRODUCTS_DIR)/AHeadALL.app/AHeadALL";
			};
			name = Release;
		};
		700997941ED41AC400ECA462 /* Debug */ = {
			isa = XCBuildConfiguration;
			baseConfigurationReference = EFB77AF9C7643E01220D4E21 /* Pods-AHeadALLUITests.debug.xcconfig */;
			buildSettings = {
				INFOPLIST_FILE = AHeadALLUITests/Info.plist;
				LD_RUNPATH_SEARCH_PATHS = "$(inherited) @executable_path/Frameworks @loader_path/Frameworks";
				PRODUCT_BUNDLE_IDENTIFIER = com.kickdudes.AHeadALLUITests;
				PRODUCT_NAME = "$(TARGET_NAME)";
				TEST_TARGET_NAME = AHeadALL;
			};
			name = Debug;
		};
		700997951ED41AC400ECA462 /* Release */ = {
			isa = XCBuildConfiguration;
			baseConfigurationReference = 64C7C466EA73B2F5CA8B07B6 /* Pods-AHeadALLUITests.release.xcconfig */;
			buildSettings = {
				INFOPLIST_FILE = AHeadALLUITests/Info.plist;
				LD_RUNPATH_SEARCH_PATHS = "$(inherited) @executable_path/Frameworks @loader_path/Frameworks";
				PRODUCT_BUNDLE_IDENTIFIER = com.kickdudes.AHeadALLUITests;
				PRODUCT_NAME = "$(TARGET_NAME)";
				TEST_TARGET_NAME = AHeadALL;
			};
			name = Release;
		};
		705316B71EDEE22A00D23365 /* Debug */ = {
			isa = XCBuildConfiguration;
			buildSettings = {
				DEVELOPMENT_TEAM = 57RNBV4CEC;
				INFOPLIST_FILE = TwinDemoSiriUI/Info.plist;
				LD_RUNPATH_SEARCH_PATHS = "$(inherited) @executable_path/Frameworks @executable_path/../../Frameworks";
				PRODUCT_BUNDLE_IDENTIFIER = com.twinsynergy.TwinDemo.TwinDemoSiriUI;
				PRODUCT_NAME = "$(TARGET_NAME)";
				SKIP_INSTALL = YES;
			};
			name = Debug;
		};
		705316B81EDEE22A00D23365 /* Release */ = {
			isa = XCBuildConfiguration;
			buildSettings = {
				DEVELOPMENT_TEAM = 57RNBV4CEC;
				INFOPLIST_FILE = TwinDemoSiriUI/Info.plist;
				LD_RUNPATH_SEARCH_PATHS = "$(inherited) @executable_path/Frameworks @executable_path/../../Frameworks";
				PRODUCT_BUNDLE_IDENTIFIER = com.twinsynergy.TwinDemo.TwinDemoSiriUI;
				PRODUCT_NAME = "$(TARGET_NAME)";
				SKIP_INSTALL = YES;
			};
			name = Release;
		};
		705316BA1EDEE22A00D23365 /* Debug */ = {
			isa = XCBuildConfiguration;
			buildSettings = {
				DEVELOPMENT_TEAM = 57RNBV4CEC;
				INFOPLIST_FILE = TwinDemoSiri/Info.plist;
				LD_RUNPATH_SEARCH_PATHS = "$(inherited) @executable_path/Frameworks @executable_path/../../Frameworks";
				PRODUCT_BUNDLE_IDENTIFIER = com.twinsynergy.TwinDemo.TwinDemoSiri;
				PRODUCT_NAME = "$(TARGET_NAME)";
				SKIP_INSTALL = YES;
			};
			name = Debug;
		};
		705316BB1EDEE22A00D23365 /* Release */ = {
			isa = XCBuildConfiguration;
			buildSettings = {
				DEVELOPMENT_TEAM = 57RNBV4CEC;
				INFOPLIST_FILE = TwinDemoSiri/Info.plist;
				LD_RUNPATH_SEARCH_PATHS = "$(inherited) @executable_path/Frameworks @executable_path/../../Frameworks";
				PRODUCT_BUNDLE_IDENTIFIER = com.twinsynergy.TwinDemo.TwinDemoSiri;
				PRODUCT_NAME = "$(TARGET_NAME)";
				SKIP_INSTALL = YES;
			};
			name = Release;
		};
/* End XCBuildConfiguration section */

/* Begin XCConfigurationList section */
		7009975B1ED41AC400ECA462 /* Build configuration list for PBXProject "AHeadALL" */ = {
			isa = XCConfigurationList;
			buildConfigurations = (
				7009978B1ED41AC400ECA462 /* Debug */,
				7009978C1ED41AC400ECA462 /* Release */,
			);
			defaultConfigurationIsVisible = 0;
			defaultConfigurationName = Release;
		};
		7009978D1ED41AC400ECA462 /* Build configuration list for PBXNativeTarget "AHeadALL" */ = {
			isa = XCConfigurationList;
			buildConfigurations = (
				7009978E1ED41AC400ECA462 /* Debug */,
				7009978F1ED41AC400ECA462 /* Release */,
			);
			defaultConfigurationIsVisible = 0;
			defaultConfigurationName = Release;
		};
		700997901ED41AC400ECA462 /* Build configuration list for PBXNativeTarget "AHeadALLTests" */ = {
			isa = XCConfigurationList;
			buildConfigurations = (
				700997911ED41AC400ECA462 /* Debug */,
				700997921ED41AC400ECA462 /* Release */,
			);
			defaultConfigurationIsVisible = 0;
			defaultConfigurationName = Release;
		};
		700997931ED41AC400ECA462 /* Build configuration list for PBXNativeTarget "AHeadALLUITests" */ = {
			isa = XCConfigurationList;
			buildConfigurations = (
				700997941ED41AC400ECA462 /* Debug */,
				700997951ED41AC400ECA462 /* Release */,
			);
			defaultConfigurationIsVisible = 0;
			defaultConfigurationName = Release;
		};
		705316B61EDEE22A00D23365 /* Build configuration list for PBXNativeTarget "TwinDemoSiriUI" */ = {
			isa = XCConfigurationList;
			buildConfigurations = (
				705316B71EDEE22A00D23365 /* Debug */,
				705316B81EDEE22A00D23365 /* Release */,
			);
			defaultConfigurationIsVisible = 0;
		};
		705316B91EDEE22A00D23365 /* Build configuration list for PBXNativeTarget "TwinDemoSiri" */ = {
			isa = XCConfigurationList;
			buildConfigurations = (
				705316BA1EDEE22A00D23365 /* Debug */,
				705316BB1EDEE22A00D23365 /* Release */,
			);
			defaultConfigurationIsVisible = 0;
		};
/* End XCConfigurationList section */
	};
	rootObject = 700997581ED41AC400ECA462 /* Project object */;
}
